
Microsoft Visual Studio Solution File, Format Version 12.00
# Visual Studio 15
Project("{FAE04EC0-301F-11D3-BF4B-00C04F79EFBC}") = "Notakey.Examples.SDK.Client", "Notakey.Examples.SDK.Client.csproj", "{DB43DEE1-6B9A-4292-A006-19C7C768114D}"
EndProject
Global
	GlobalSection(SolutionConfigurationPlatforms) = preSolution
		Debug|Any CPU = Debug|Any CPU
		Release|Any CPU = Release|Any CPU
	EndGlobalSection
	GlobalSection(ProjectConfigurationPlatforms) = postSolution
		{DB43DEE1-6B9A-4292-A006-19C7C768114D}.Debug|Any CPU.ActiveCfg = Debug|Any CPU
		{DB43DEE1-6B9A-4292-A006-19C7C768114D}.Debug|Any CPU.Build.0 = Debug|Any CPU
		{DB43DEE1-6B9A-4292-A006-19C7C768114D}.Release|Any CPU.ActiveCfg = Release|Any CPU
		{DB43DEE1-6B9A-4292-A006-19C7C768114D}.Release|Any CPU.Build.0 = Release|Any CPU
	EndGlobalSection
EndGlobal
